
Microsoft Visual Studio Solution File, Format Version 12.00
# Visual Studio Version 16
VisualStudioVersion = 16.0.31624.102
MinimumVisualStudioVersion = 10.0.40219.1
Project("{FAE04EC0-301F-11D3-BF4B-00C04F79EFBC}") = "BakingProject", "BakingProject\BakingProject.csproj", "{294DEB19-D192-4EE7-97BB-C5CDF51B21B7}"
EndProject
Global
	GlobalSection(SolutionConfigurationPlatforms) = preSolution
		Debug|Any CPU = Debug|Any CPU
		Release|Any CPU = Release|Any CPU
	EndGlobalSection
	GlobalSection(ProjectConfigurationPlatforms) = postSolution
		{294DEB19-D192-4EE7-97BB-C5CDF51B21B7}.Debug|Any CPU.ActiveCfg = Debug|Any CPU
		{294DEB19-D192-4EE7-97BB-C5CDF51B21B7}.Debug|Any CPU.Build.0 = Debug|Any CPU
		{294DEB19-D192-4EE7-97BB-C5CDF51B21B7}.Release|Any CPU.ActiveCfg = Release|Any CPU
		{294DEB19-D192-4EE7-97BB-C5CDF51B21B7}.Release|Any CPU.Build.0 = Release|Any CPU
	EndGlobalSection
	GlobalSection(SolutionProperties) = preSolution
		HideSolutionNode = FALSE
	EndGlobalSection
	GlobalSection(ExtensibilityGlobals) = postSolution
		SolutionGuid = {C325EE4C-5709-47D8-84CC-AFA55DB456F1}
	EndGlobalSection
EndGlobal
