
Microsoft Visual Studio Solution File, Format Version 12.00
# Visual Studio Version 16
VisualStudioVersion = 16.0.32407.337
MinimumVisualStudioVersion = 10.0.40219.1
Project("{FAE04EC0-301F-11D3-BF4B-00C04F79EFBC}") = "Last_Project", "Last_Project\Last_Project.csproj", "{22A24447-3DF5-4C48-B84F-9FC892498A26}"
EndProject
Global
	GlobalSection(SolutionConfigurationPlatforms) = preSolution
		Debug|Any CPU = Debug|Any CPU
		Release|Any CPU = Release|Any CPU
	EndGlobalSection
	GlobalSection(ProjectConfigurationPlatforms) = postSolution
		{22A24447-3DF5-4C48-B84F-9FC892498A26}.Debug|Any CPU.ActiveCfg = Debug|Any CPU
		{22A24447-3DF5-4C48-B84F-9FC892498A26}.Debug|Any CPU.Build.0 = Debug|Any CPU
		{22A24447-3DF5-4C48-B84F-9FC892498A26}.Release|Any CPU.ActiveCfg = Release|Any CPU
		{22A24447-3DF5-4C48-B84F-9FC892498A26}.Release|Any CPU.Build.0 = Release|Any CPU
	EndGlobalSection
	GlobalSection(SolutionProperties) = preSolution
		HideSolutionNode = FALSE
	EndGlobalSection
	GlobalSection(ExtensibilityGlobals) = postSolution
		SolutionGuid = {3258F798-169A-4BCE-9C7A-9F68B4631BC9}
	EndGlobalSection
EndGlobal
